// !$*UTF8*$!
{
	archiveVersion = 1;
	classes = {
	};
	objectVersion = 50;
	objects = {

/* Begin PBXBuildFile section */
		9E69E4832457A4FA00738430 /* FavoriteMoviesTableVC.swift in Sources */ = {isa = PBXBuildFile; fileRef = 9E69E4822457A4FA00738430 /* FavoriteMoviesTableVC.swift */; };
		9E7FF41D245C5E63003DD6DC /* QuartzCore.framework in Frameworks */ = {isa = PBXBuildFile; fileRef = 9E7FF41C245C5E63003DD6DC /* QuartzCore.framework */; };
		9E7FF41F245CE463003DD6DC /* ProfileField.swift in Sources */ = {isa = PBXBuildFile; fileRef = 9E7FF41E245CE463003DD6DC /* ProfileField.swift */; };
		9E7FF421245CEC78003DD6DC /* ProfileViewController.swift in Sources */ = {isa = PBXBuildFile; fileRef = 9E7FF420245CEC78003DD6DC /* ProfileViewController.swift */; };
		9E7FF423245D689E003DD6DC /* userFavMovies.plist in Resources */ = {isa = PBXBuildFile; fileRef = 9E7FF422245D689E003DD6DC /* userFavMovies.plist */; };
		9E7FF425245D7131003DD6DC /* FavMovies.swift in Sources */ = {isa = PBXBuildFile; fileRef = 9E7FF424245D7131003DD6DC /* FavMovies.swift */; };
		9E7FF427245D7211003DD6DC /* FavMoviesList.swift in Sources */ = {isa = PBXBuildFile; fileRef = 9E7FF426245D7211003DD6DC /* FavMoviesList.swift */; };
		9EB74A6F243A7CC400AE5105 /* LoginViewController.swift in Sources */ = {isa = PBXBuildFile; fileRef = 9EB74A6E243A7CC400AE5105 /* LoginViewController.swift */; };
		9EB74A71243A802000AE5105 /* SignUpViewController.swift in Sources */ = {isa = PBXBuildFile; fileRef = 9EB74A70243A802000AE5105 /* SignUpViewController.swift */; };
		9EB74A73243BD8F000AE5105 /* Pacifico.ttf in Resources */ = {isa = PBXBuildFile; fileRef = 9EB74A72243BD8F000AE5105 /* Pacifico.ttf */; };
		9EB74A76243BE2E700AE5105 /* users.plist in Resources */ = {isa = PBXBuildFile; fileRef = 9EB74A75243BE2E700AE5105 /* users.plist */; };
		9EE70479246021F10093181E /* ProfileUpdateViewController.swift in Sources */ = {isa = PBXBuildFile; fileRef = 9EE70478246021F10093181E /* ProfileUpdateViewController.swift */; };
		9EFC3466244E41F70049A894 /* MovieCardModel.swift in Sources */ = {isa = PBXBuildFile; fileRef = 9EFC3465244E41F70049A894 /* MovieCardModel.swift */; };
		9EFC346B244E43280049A894 /* SwipeCardView.swift in Sources */ = {isa = PBXBuildFile; fileRef = 9EFC346A244E43280049A894 /* SwipeCardView.swift */; };
		9EFC346D244E43520049A894 /* StackContainerView.swift in Sources */ = {isa = PBXBuildFile; fileRef = 9EFC346C244E43520049A894 /* StackContainerView.swift */; };
		9EFC346F244E43960049A894 /* SwipeCardsDataSource.swift in Sources */ = {isa = PBXBuildFile; fileRef = 9EFC346E244E43960049A894 /* SwipeCardsDataSource.swift */; };
		C965215624363BD4009B14F7 /* AppDelegate.swift in Sources */ = {isa = PBXBuildFile; fileRef = C965215524363BD4009B14F7 /* AppDelegate.swift */; };
		C965215824363BD4009B14F7 /* SceneDelegate.swift in Sources */ = {isa = PBXBuildFile; fileRef = C965215724363BD4009B14F7 /* SceneDelegate.swift */; };
		C965215F24363BD4009B14F7 /* Main.storyboard in Resources */ = {isa = PBXBuildFile; fileRef = C965215D24363BD4009B14F7 /* Main.storyboard */; };
		C965216124363BDB009B14F7 /* Assets.xcassets in Resources */ = {isa = PBXBuildFile; fileRef = C965216024363BDB009B14F7 /* Assets.xcassets */; };
		C965216424363BDB009B14F7 /* LaunchScreen.storyboard in Resources */ = {isa = PBXBuildFile; fileRef = C965216224363BDB009B14F7 /* LaunchScreen.storyboard */; };
		EB4C0B12244BA5B100E00FDE /* ComosDistrib.swift in Sources */ = {isa = PBXBuildFile; fileRef = EB4C0B11244BA5B100E00FDE /* ComosDistrib.swift */; };
		EB4C0B1A244C096E00E00FDE /* GenreButton.swift in Sources */ = {isa = PBXBuildFile; fileRef = EB4C0B19244C096E00E00FDE /* GenreButton.swift */; };
		EB4E713F244D19600014DC4C /* Genre.swift in Sources */ = {isa = PBXBuildFile; fileRef = EB4E713E244D19600014DC4C /* Genre.swift */; };
		EB4E7141244D1C380014DC4C /* Genres.swift in Sources */ = {isa = PBXBuildFile; fileRef = EB4E7140244D1C380014DC4C /* Genres.swift */; };
		EB594D16243CDA100015A1E9 /* GradientView.swift in Sources */ = {isa = PBXBuildFile; fileRef = EB594D15243CDA100015A1E9 /* GradientView.swift */; };
		EB594D19243D08340015A1E9 /* constants.swift in Sources */ = {isa = PBXBuildFile; fileRef = EB594D18243D08340015A1E9 /* constants.swift */; };
		EB594D1C243E42200015A1E9 /* Signin_SignupButton.swift in Sources */ = {isa = PBXBuildFile; fileRef = EB594D1B243E42200015A1E9 /* Signin_SignupButton.swift */; };
		EB594D20243E55A30015A1E9 /* LoginTextField.swift in Sources */ = {isa = PBXBuildFile; fileRef = EB594D1F243E55A30015A1E9 /* LoginTextField.swift */; };
		EBD76DDD2444EF2400F3A34F /* User.swift in Sources */ = {isa = PBXBuildFile; fileRef = EBD76DDC2444EF2400F3A34F /* User.swift */; };
		EBD76DDF2444EF5400F3A34F /* Users.swift in Sources */ = {isa = PBXBuildFile; fileRef = EBD76DDE2444EF5400F3A34F /* Users.swift */; };
		EBD76DE22446217400F3A34F /* SlideMenuController.swift in Sources */ = {isa = PBXBuildFile; fileRef = EBD76DE12446217400F3A34F /* SlideMenuController.swift */; };
		EBD76DEC2446247A00F3A34F /* slider-tool.png in Resources */ = {isa = PBXBuildFile; fileRef = EBD76DEA2446247A00F3A34F /* slider-tool.png */; };
		EBD76DED2446247A00F3A34F /* dj.png in Resources */ = {isa = PBXBuildFile; fileRef = EBD76DEB2446247A00F3A34F /* dj.png */; };
		EBD76DEF2446273100F3A34F /* icons8-slider-100.png in Resources */ = {isa = PBXBuildFile; fileRef = EBD76DEE2446273100F3A34F /* icons8-slider-100.png */; };
		EBD76DF1244627A300F3A34F /* icons8-slider-80.png in Resources */ = {isa = PBXBuildFile; fileRef = EBD76DF0244627A200F3A34F /* icons8-slider-80.png */; };
		EBD76DF32446281B00F3A34F /* icons8-slider-50.png in Resources */ = {isa = PBXBuildFile; fileRef = EBD76DF22446281B00F3A34F /* icons8-slider-50.png */; };
		EBD76DF5244644B000F3A34F /* MoviesViewController.swift in Sources */ = {isa = PBXBuildFile; fileRef = EBD76DF4244644B000F3A34F /* MoviesViewController.swift */; };
		EBD76DF924464AF900F3A34F /* SlideInTransition.swift in Sources */ = {isa = PBXBuildFile; fileRef = EBD76DF824464AF900F3A34F /* SlideInTransition.swift */; };
/* End PBXBuildFile section */

/* Begin PBXFileReference section */
		9E69E4822457A4FA00738430 /* FavoriteMoviesTableVC.swift */ = {isa = PBXFileReference; lastKnownFileType = sourcecode.swift; path = FavoriteMoviesTableVC.swift; sourceTree = "<group>"; };
		9E7FF41C245C5E63003DD6DC /* QuartzCore.framework */ = {isa = PBXFileReference; lastKnownFileType = wrapper.framework; name = QuartzCore.framework; path = System/Library/Frameworks/QuartzCore.framework; sourceTree = SDKROOT; };
		9E7FF41E245CE463003DD6DC /* ProfileField.swift */ = {isa = PBXFileReference; lastKnownFileType = sourcecode.swift; path = ProfileField.swift; sourceTree = "<group>"; };
		9E7FF420245CEC78003DD6DC /* ProfileViewController.swift */ = {isa = PBXFileReference; lastKnownFileType = sourcecode.swift; path = ProfileViewController.swift; sourceTree = "<group>"; };
		9E7FF422245D689E003DD6DC /* userFavMovies.plist */ = {isa = PBXFileReference; lastKnownFileType = text.plist.xml; path = userFavMovies.plist; sourceTree = "<group>"; };
		9E7FF424245D7131003DD6DC /* FavMovies.swift */ = {isa = PBXFileReference; lastKnownFileType = sourcecode.swift; path = FavMovies.swift; sourceTree = "<group>"; };
		9E7FF426245D7211003DD6DC /* FavMoviesList.swift */ = {isa = PBXFileReference; lastKnownFileType = sourcecode.swift; path = FavMoviesList.swift; sourceTree = "<group>"; };
		9EB74A6E243A7CC400AE5105 /* LoginViewController.swift */ = {isa = PBXFileReference; lastKnownFileType = sourcecode.swift; path = LoginViewController.swift; sourceTree = "<group>"; };
		9EB74A70243A802000AE5105 /* SignUpViewController.swift */ = {isa = PBXFileReference; lastKnownFileType = sourcecode.swift; path = SignUpViewController.swift; sourceTree = "<group>"; };
		9EB74A72243BD8F000AE5105 /* Pacifico.ttf */ = {isa = PBXFileReference; lastKnownFileType = file; path = Pacifico.ttf; sourceTree = "<group>"; };
		9EB74A75243BE2E700AE5105 /* users.plist */ = {isa = PBXFileReference; lastKnownFileType = text.plist.xml; path = users.plist; sourceTree = "<group>"; };
		9EE70478246021F10093181E /* ProfileUpdateViewController.swift */ = {isa = PBXFileReference; lastKnownFileType = sourcecode.swift; path = ProfileUpdateViewController.swift; sourceTree = "<group>"; };
		9EFC3465244E41F70049A894 /* MovieCardModel.swift */ = {isa = PBXFileReference; lastKnownFileType = sourcecode.swift; path = MovieCardModel.swift; sourceTree = "<group>"; };
		9EFC346A244E43280049A894 /* SwipeCardView.swift */ = {isa = PBXFileReference; lastKnownFileType = sourcecode.swift; path = SwipeCardView.swift; sourceTree = "<group>"; };
		9EFC346C244E43520049A894 /* StackContainerView.swift */ = {isa = PBXFileReference; lastKnownFileType = sourcecode.swift; path = StackContainerView.swift; sourceTree = "<group>"; };
		9EFC346E244E43960049A894 /* SwipeCardsDataSource.swift */ = {isa = PBXFileReference; lastKnownFileType = sourcecode.swift; path = SwipeCardsDataSource.swift; sourceTree = "<group>"; };
		C965215224363BD4009B14F7 /* elit.app */ = {isa = PBXFileReference; explicitFileType = wrapper.application; includeInIndex = 0; path = elit.app; sourceTree = BUILT_PRODUCTS_DIR; };
		C965215524363BD4009B14F7 /* AppDelegate.swift */ = {isa = PBXFileReference; lastKnownFileType = sourcecode.swift; path = AppDelegate.swift; sourceTree = "<group>"; };
		C965215724363BD4009B14F7 /* SceneDelegate.swift */ = {isa = PBXFileReference; lastKnownFileType = sourcecode.swift; path = SceneDelegate.swift; sourceTree = "<group>"; };
		C965215E24363BD4009B14F7 /* Base */ = {isa = PBXFileReference; lastKnownFileType = file.storyboard; name = Base; path = Base.lproj/Main.storyboard; sourceTree = "<group>"; };
		C965216024363BDB009B14F7 /* Assets.xcassets */ = {isa = PBXFileReference; lastKnownFileType = folder.assetcatalog; path = Assets.xcassets; sourceTree = "<group>"; };
		C965216324363BDB009B14F7 /* Base */ = {isa = PBXFileReference; lastKnownFileType = file.storyboard; name = Base; path = Base.lproj/LaunchScreen.storyboard; sourceTree = "<group>"; };
		C965216524363BDB009B14F7 /* Info.plist */ = {isa = PBXFileReference; lastKnownFileType = text.plist.xml; path = Info.plist; sourceTree = "<group>"; };
		EB4C0B11244BA5B100E00FDE /* ComosDistrib.swift */ = {isa = PBXFileReference; lastKnownFileType = sourcecode.swift; path = ComosDistrib.swift; sourceTree = "<group>"; };
		EB4C0B19244C096E00E00FDE /* GenreButton.swift */ = {isa = PBXFileReference; lastKnownFileType = sourcecode.swift; path = GenreButton.swift; sourceTree = "<group>"; };
		EB4E713E244D19600014DC4C /* Genre.swift */ = {isa = PBXFileReference; lastKnownFileType = sourcecode.swift; path = Genre.swift; sourceTree = "<group>"; };
		EB4E7140244D1C380014DC4C /* Genres.swift */ = {isa = PBXFileReference; lastKnownFileType = sourcecode.swift; path = Genres.swift; sourceTree = "<group>"; };
		EB594D15243CDA100015A1E9 /* GradientView.swift */ = {isa = PBXFileReference; lastKnownFileType = sourcecode.swift; path = GradientView.swift; sourceTree = "<group>"; };
		EB594D18243D08340015A1E9 /* constants.swift */ = {isa = PBXFileReference; lastKnownFileType = sourcecode.swift; path = constants.swift; sourceTree = "<group>"; };
		EB594D1B243E42200015A1E9 /* Signin_SignupButton.swift */ = {isa = PBXFileReference; lastKnownFileType = sourcecode.swift; path = Signin_SignupButton.swift; sourceTree = "<group>"; };
		EB594D1F243E55A30015A1E9 /* LoginTextField.swift */ = {isa = PBXFileReference; lastKnownFileType = sourcecode.swift; path = LoginTextField.swift; sourceTree = "<group>"; };
		EBD76DDC2444EF2400F3A34F /* User.swift */ = {isa = PBXFileReference; lastKnownFileType = sourcecode.swift; path = User.swift; sourceTree = "<group>"; };
		EBD76DDE2444EF5400F3A34F /* Users.swift */ = {isa = PBXFileReference; lastKnownFileType = sourcecode.swift; path = Users.swift; sourceTree = "<group>"; };
		EBD76DE12446217400F3A34F /* SlideMenuController.swift */ = {isa = PBXFileReference; lastKnownFileType = sourcecode.swift; path = SlideMenuController.swift; sourceTree = "<group>"; };
		EBD76DEA2446247A00F3A34F /* slider-tool.png */ = {isa = PBXFileReference; lastKnownFileType = image.png; path = "slider-tool.png"; sourceTree = "<group>"; };
		EBD76DEB2446247A00F3A34F /* dj.png */ = {isa = PBXFileReference; lastKnownFileType = image.png; path = dj.png; sourceTree = "<group>"; };
		EBD76DEE2446273100F3A34F /* icons8-slider-100.png */ = {isa = PBXFileReference; lastKnownFileType = image.png; path = "icons8-slider-100.png"; sourceTree = "<group>"; };
		EBD76DF0244627A200F3A34F /* icons8-slider-80.png */ = {isa = PBXFileReference; lastKnownFileType = image.png; path = "icons8-slider-80.png"; sourceTree = "<group>"; };
		EBD76DF22446281B00F3A34F /* icons8-slider-50.png */ = {isa = PBXFileReference; lastKnownFileType = image.png; path = "icons8-slider-50.png"; sourceTree = "<group>"; };
		EBD76DF4244644B000F3A34F /* MoviesViewController.swift */ = {isa = PBXFileReference; lastKnownFileType = sourcecode.swift; path = MoviesViewController.swift; sourceTree = "<group>"; };
		EBD76DF824464AF900F3A34F /* SlideInTransition.swift */ = {isa = PBXFileReference; lastKnownFileType = sourcecode.swift; path = SlideInTransition.swift; sourceTree = "<group>"; };
/* End PBXFileReference section */

/* Begin PBXFrameworksBuildPhase section */
		C965214F24363BD4009B14F7 /* Frameworks */ = {
			isa = PBXFrameworksBuildPhase;
			buildActionMask = 2147483647;
			files = (
				9E7FF41D245C5E63003DD6DC /* QuartzCore.framework in Frameworks */,
			);
			runOnlyForDeploymentPostprocessing = 0;
		};
/* End PBXFrameworksBuildPhase section */

/* Begin PBXGroup section */
		9E7FF41B245C5E63003DD6DC /* Frameworks */ = {
			isa = PBXGroup;
			children = (
				9E7FF41C245C5E63003DD6DC /* QuartzCore.framework */,
			);
			name = Frameworks;
			sourceTree = "<group>";
		};
		9EFC3469244E42EF0049A894 /* View */ = {
			isa = PBXGroup;
			children = (
				9EFC346A244E43280049A894 /* SwipeCardView.swift */,
				9EFC346C244E43520049A894 /* StackContainerView.swift */,
				EB594D15243CDA100015A1E9 /* GradientView.swift */,
				EB594D1B243E42200015A1E9 /* Signin_SignupButton.swift */,
				EB594D1F243E55A30015A1E9 /* LoginTextField.swift */,
				EB4C0B19244C096E00E00FDE /* GenreButton.swift */,
				9E7FF41E245CE463003DD6DC /* ProfileField.swift */,
			);
			path = View;
			sourceTree = "<group>";
		};
		C965214924363BD4009B14F7 = {
			isa = PBXGroup;
			children = (
				C965215424363BD4009B14F7 /* elit */,
				C965215324363BD4009B14F7 /* Products */,
				9E7FF41B245C5E63003DD6DC /* Frameworks */,
			);
			sourceTree = "<group>";
		};
		C965215324363BD4009B14F7 /* Products */ = {
			isa = PBXGroup;
			children = (
				C965215224363BD4009B14F7 /* elit.app */,
			);
			name = Products;
			sourceTree = "<group>";
		};
		C965215424363BD4009B14F7 /* elit */ = {
			isa = PBXGroup;
			children = (
				9EFC3469244E42EF0049A894 /* View */,
				EBD76DE82446245300F3A34F /* Utils */,
				EBD76DE52446228200F3A34F /* Model */,
				EBD76DE42446225C00F3A34F /* ViewController */,
				C965215524363BD4009B14F7 /* AppDelegate.swift */,
				C965215724363BD4009B14F7 /* SceneDelegate.swift */,
				C965215D24363BD4009B14F7 /* Main.storyboard */,
				C965216024363BDB009B14F7 /* Assets.xcassets */,
				C965216224363BDB009B14F7 /* LaunchScreen.storyboard */,
				C965216524363BDB009B14F7 /* Info.plist */,
				9EB74A75243BE2E700AE5105 /* users.plist */,
				9E7FF422245D689E003DD6DC /* userFavMovies.plist */,
			);
			path = elit;
			sourceTree = "<group>";
		};
		EB594D14243CD8830015A1E9 /* Constants */ = {
			isa = PBXGroup;
			children = (
				EB594D18243D08340015A1E9 /* constants.swift */,
			);
			path = Constants;
			sourceTree = "<group>";
		};
		EB594D17243D07F00015A1E9 /* Font */ = {
			isa = PBXGroup;
			children = (
				9EB74A72243BD8F000AE5105 /* Pacifico.ttf */,
			);
			path = Font;
			sourceTree = "<group>";
		};
		EBD76DE42446225C00F3A34F /* ViewController */ = {
			isa = PBXGroup;
			children = (
				EBD76DE12446217400F3A34F /* SlideMenuController.swift */,
				9EB74A6E243A7CC400AE5105 /* LoginViewController.swift */,
				9EB74A70243A802000AE5105 /* SignUpViewController.swift */,
				EBD76DF4244644B000F3A34F /* MoviesViewController.swift */,
				EBD76DF824464AF900F3A34F /* SlideInTransition.swift */,
				9E69E4822457A4FA00738430 /* FavoriteMoviesTableVC.swift */,
				9E7FF420245CEC78003DD6DC /* ProfileViewController.swift */,
				9EE70478246021F10093181E /* ProfileUpdateViewController.swift */,
			);
			path = ViewController;
			sourceTree = "<group>";
		};
		EBD76DE52446228200F3A34F /* Model */ = {
			isa = PBXGroup;
			children = (
				EBD76DDC2444EF2400F3A34F /* User.swift */,
				EBD76DDE2444EF5400F3A34F /* Users.swift */,
				9EFC3465244E41F70049A894 /* MovieCardModel.swift */,
				EB4E713E244D19600014DC4C /* Genre.swift */,
				EB4E7140244D1C380014DC4C /* Genres.swift */,
				9E7FF424245D7131003DD6DC /* FavMovies.swift */,
				9E7FF426245D7211003DD6DC /* FavMoviesList.swift */,
			);
			path = Model;
			sourceTree = "<group>";
		};
		EBD76DE82446245300F3A34F /* Utils */ = {
			isa = PBXGroup;
			children = (
				EBD76DE92446246600F3A34F /* Assests */,
				EB594D14243CD8830015A1E9 /* Constants */,
				EB594D17243D07F00015A1E9 /* Font */,
				EB4C0B11244BA5B100E00FDE /* ComosDistrib.swift */,
				9EFC346E244E43960049A894 /* SwipeCardsDataSource.swift */,
			);
			path = Utils;
			sourceTree = "<group>";
		};
		EBD76DE92446246600F3A34F /* Assests */ = {
			isa = PBXGroup;
			children = (
				EBD76DF0244627A200F3A34F /* icons8-slider-80.png */,
				EBD76DF22446281B00F3A34F /* icons8-slider-50.png */,
				EBD76DEE2446273100F3A34F /* icons8-slider-100.png */,
				EBD76DEB2446247A00F3A34F /* dj.png */,
				EBD76DEA2446247A00F3A34F /* slider-tool.png */,
			);
			path = Assests;
			sourceTree = "<group>";
		};
/* End PBXGroup section */

/* Begin PBXNativeTarget section */
		C965215124363BD4009B14F7 /* elit */ = {
			isa = PBXNativeTarget;
			buildConfigurationList = C965216824363BDB009B14F7 /* Build configuration list for PBXNativeTarget "elit" */;
			buildPhases = (
				C965214E24363BD4009B14F7 /* Sources */,
				C965214F24363BD4009B14F7 /* Frameworks */,
				C965215024363BD4009B14F7 /* Resources */,
			);
			buildRules = (
			);
			dependencies = (
			);
			name = elit;
			productName = elit;
			productReference = C965215224363BD4009B14F7 /* elit.app */;
			productType = "com.apple.product-type.application";
		};
/* End PBXNativeTarget section */

/* Begin PBXProject section */
		C965214A24363BD4009B14F7 /* Project object */ = {
			isa = PBXProject;
			attributes = {
				LastSwiftUpdateCheck = 1130;
				LastUpgradeCheck = 1130;
				ORGANIZATIONNAME = "Abhaya Tamrakar";
				TargetAttributes = {
					C965215124363BD4009B14F7 = {
						CreatedOnToolsVersion = 11.3.1;
					};
				};
			};
			buildConfigurationList = C965214D24363BD4009B14F7 /* Build configuration list for PBXProject "elit" */;
			compatibilityVersion = "Xcode 9.3";
			developmentRegion = en;
			hasScannedForEncodings = 0;
			knownRegions = (
				en,
				Base,
			);
			mainGroup = C965214924363BD4009B14F7;
			productRefGroup = C965215324363BD4009B14F7 /* Products */;
			projectDirPath = "";
			projectRoot = "";
			targets = (
				C965215124363BD4009B14F7 /* elit */,
			);
		};
/* End PBXProject section */

/* Begin PBXResourcesBuildPhase section */
		C965215024363BD4009B14F7 /* Resources */ = {
			isa = PBXResourcesBuildPhase;
			buildActionMask = 2147483647;
			files = (
				EBD76DED2446247A00F3A34F /* dj.png in Resources */,
				EBD76DEC2446247A00F3A34F /* slider-tool.png in Resources */,
				EBD76DEF2446273100F3A34F /* icons8-slider-100.png in Resources */,
				C965216424363BDB009B14F7 /* LaunchScreen.storyboard in Resources */,
				9E7FF423245D689E003DD6DC /* userFavMovies.plist in Resources */,
				9EB74A76243BE2E700AE5105 /* users.plist in Resources */,
				C965216124363BDB009B14F7 /* Assets.xcassets in Resources */,
				9EB74A73243BD8F000AE5105 /* Pacifico.ttf in Resources */,
				EBD76DF32446281B00F3A34F /* icons8-slider-50.png in Resources */,
				EBD76DF1244627A300F3A34F /* icons8-slider-80.png in Resources */,
				C965215F24363BD4009B14F7 /* Main.storyboard in Resources */,
			);
			runOnlyForDeploymentPostprocessing = 0;
		};
/* End PBXResourcesBuildPhase section */

/* Begin PBXSourcesBuildPhase section */
		C965214E24363BD4009B14F7 /* Sources */ = {
			isa = PBXSourcesBuildPhase;
			buildActionMask = 2147483647;
			files = (
				9EB74A6F243A7CC400AE5105 /* LoginViewController.swift in Sources */,
				9EB74A71243A802000AE5105 /* SignUpViewController.swift in Sources */,
				9EFC346D244E43520049A894 /* StackContainerView.swift in Sources */,
				9EFC3466244E41F70049A894 /* MovieCardModel.swift in Sources */,
				9EFC346F244E43960049A894 /* SwipeCardsDataSource.swift in Sources */,
				EBD76DE22446217400F3A34F /* SlideMenuController.swift in Sources */,
				EB4C0B12244BA5B100E00FDE /* ComosDistrib.swift in Sources */,
				EBD76DDF2444EF5400F3A34F /* Users.swift in Sources */,
				C965215624363BD4009B14F7 /* AppDelegate.swift in Sources */,
				9EE70479246021F10093181E /* ProfileUpdateViewController.swift in Sources */,
				9E7FF421245CEC78003DD6DC /* ProfileViewController.swift in Sources */,
				EB594D20243E55A30015A1E9 /* LoginTextField.swift in Sources */,
				EB594D19243D08340015A1E9 /* constants.swift in Sources */,
				EB4E7141244D1C380014DC4C /* Genres.swift in Sources */,
				EB4C0B1A244C096E00E00FDE /* GenreButton.swift in Sources */,
				EB4E713F244D19600014DC4C /* Genre.swift in Sources */,
				EBD76DF5244644B000F3A34F /* MoviesViewController.swift in Sources */,
				C965215824363BD4009B14F7 /* SceneDelegate.swift in Sources */,
				9E69E4832457A4FA00738430 /* FavoriteMoviesTableVC.swift in Sources */,
				EB594D16243CDA100015A1E9 /* GradientView.swift in Sources */,
				EBD76DF924464AF900F3A34F /* SlideInTransition.swift in Sources */,
				EB594D1C243E42200015A1E9 /* Signin_SignupButton.swift in Sources */,
				9E7FF41F245CE463003DD6DC /* ProfileField.swift in Sources */,
				9E7FF427245D7211003DD6DC /* FavMoviesList.swift in Sources */,
				9E7FF425245D7131003DD6DC /* FavMovies.swift in Sources */,
				EBD76DDD2444EF2400F3A34F /* User.swift in Sources */,
				9EFC346B244E43280049A894 /* SwipeCardView.swift in Sources */,
			);
			runOnlyForDeploymentPostprocessing = 0;
		};
/* End PBXSourcesBuildPhase section */

/* Begin PBXVariantGroup section */
		C965215D24363BD4009B14F7 /* Main.storyboard */ = {
			isa = PBXVariantGroup;
			children = (
				C965215E24363BD4009B14F7 /* Base */,
			);
			name = Main.storyboard;
			sourceTree = "<group>";
		};
		C965216224363BDB009B14F7 /* LaunchScreen.storyboard */ = {
			isa = PBXVariantGroup;
			children = (
				C965216324363BDB009B14F7 /* Base */,
			);
			name = LaunchScreen.storyboard;
			sourceTree = "<group>";
		};
/* End PBXVariantGroup section */

/* Begin XCBuildConfiguration section */
		C965216624363BDB009B14F7 /* Debug */ = {
			isa = XCBuildConfiguration;
			buildSettings = {
				ALWAYS_SEARCH_USER_PATHS = NO;
				CLANG_ANALYZER_NONNULL = YES;
				CLANG_ANALYZER_NUMBER_OBJECT_CONVERSION = YES_AGGRESSIVE;
				CLANG_CXX_LANGUAGE_STANDARD = "gnu++14";
				CLANG_CXX_LIBRARY = "libc++";
				CLANG_ENABLE_MODULES = YES;
				CLANG_ENABLE_OBJC_ARC = YES;
				CLANG_ENABLE_OBJC_WEAK = YES;
				CLANG_WARN_BLOCK_CAPTURE_AUTORELEASING = YES;
				CLANG_WARN_BOOL_CONVERSION = YES;
				CLANG_WARN_COMMA = YES;
				CLANG_WARN_CONSTANT_CONVERSION = YES;
				CLANG_WARN_DEPRECATED_OBJC_IMPLEMENTATIONS = YES;
				CLANG_WARN_DIRECT_OBJC_ISA_USAGE = YES_ERROR;
				CLANG_WARN_DOCUMENTATION_COMMENTS = YES;
				CLANG_WARN_EMPTY_BODY = YES;
				CLANG_WARN_ENUM_CONVERSION = YES;
				CLANG_WARN_INFINITE_RECURSION = YES;
				CLANG_WARN_INT_CONVERSION = YES;
				CLANG_WARN_NON_LITERAL_NULL_CONVERSION = YES;
				CLANG_WARN_OBJC_IMPLICIT_RETAIN_SELF = YES;
				CLANG_WARN_OBJC_LITERAL_CONVERSION = YES;
				CLANG_WARN_OBJC_ROOT_CLASS = YES_ERROR;
				CLANG_WARN_RANGE_LOOP_ANALYSIS = YES;
				CLANG_WARN_STRICT_PROTOTYPES = YES;
				CLANG_WARN_SUSPICIOUS_MOVE = YES;
				CLANG_WARN_UNGUARDED_AVAILABILITY = YES_AGGRESSIVE;
				CLANG_WARN_UNREACHABLE_CODE = YES;
				CLANG_WARN__DUPLICATE_METHOD_MATCH = YES;
				COPY_PHASE_STRIP = NO;
				DEBUG_INFORMATION_FORMAT = dwarf;
				ENABLE_STRICT_OBJC_MSGSEND = YES;
				ENABLE_TESTABILITY = YES;
				GCC_C_LANGUAGE_STANDARD = gnu11;
				GCC_DYNAMIC_NO_PIC = NO;
				GCC_NO_COMMON_BLOCKS = YES;
				GCC_OPTIMIZATION_LEVEL = 0;
				GCC_PREPROCESSOR_DEFINITIONS = (
					"DEBUG=1",
					"$(inherited)",
				);
				GCC_WARN_64_TO_32_BIT_CONVERSION = YES;
				GCC_WARN_ABOUT_RETURN_TYPE = YES_ERROR;
				GCC_WARN_UNDECLARED_SELECTOR = YES;
				GCC_WARN_UNINITIALIZED_AUTOS = YES_AGGRESSIVE;
				GCC_WARN_UNUSED_FUNCTION = YES;
				GCC_WARN_UNUSED_VARIABLE = YES;
				IPHONEOS_DEPLOYMENT_TARGET = 13.2;
				MTL_ENABLE_DEBUG_INFO = INCLUDE_SOURCE;
				MTL_FAST_MATH = YES;
				ONLY_ACTIVE_ARCH = YES;
				SDKROOT = iphoneos;
				SWIFT_ACTIVE_COMPILATION_CONDITIONS = DEBUG;
				SWIFT_OPTIMIZATION_LEVEL = "-Onone";
			};
			name = Debug;
		};
		C965216724363BDB009B14F7 /* Release */ = {
			isa = XCBuildConfiguration;
			buildSettings = {
				ALWAYS_SEARCH_USER_PATHS = NO;
				CLANG_ANALYZER_NONNULL = YES;
				CLANG_ANALYZER_NUMBER_OBJECT_CONVERSION = YES_AGGRESSIVE;
				CLANG_CXX_LANGUAGE_STANDARD = "gnu++14";
				CLANG_CXX_LIBRARY = "libc++";
				CLANG_ENABLE_MODULES = YES;
				CLANG_ENABLE_OBJC_ARC = YES;
				CLANG_ENABLE_OBJC_WEAK = YES;
				CLANG_WARN_BLOCK_CAPTURE_AUTORELEASING = YES;
				CLANG_WARN_BOOL_CONVERSION = YES;
				CLANG_WARN_COMMA = YES;
				CLANG_WARN_CONSTANT_CONVERSION = YES;
				CLANG_WARN_DEPRECATED_OBJC_IMPLEMENTATIONS = YES;
				CLANG_WARN_DIRECT_OBJC_ISA_USAGE = YES_ERROR;
				CLANG_WARN_DOCUMENTATION_COMMENTS = YES;
				CLANG_WARN_EMPTY_BODY = YES;
				CLANG_WARN_ENUM_CONVERSION = YES;
				CLANG_WARN_INFINITE_RECURSION = YES;
				CLANG_WARN_INT_CONVERSION = YES;
				CLANG_WARN_NON_LITERAL_NULL_CONVERSION = YES;
				CLANG_WARN_OBJC_IMPLICIT_RETAIN_SELF = YES;
				CLANG_WARN_OBJC_LITERAL_CONVERSION = YES;
				CLANG_WARN_OBJC_ROOT_CLASS = YES_ERROR;
				CLANG_WARN_RANGE_LOOP_ANALYSIS = YES;
				CLANG_WARN_STRICT_PROTOTYPES = YES;
				CLANG_WARN_SUSPICIOUS_MOVE = YES;
				CLANG_WARN_UNGUARDED_AVAILABILITY = YES_AGGRESSIVE;
				CLANG_WARN_UNREACHABLE_CODE = YES;
				CLANG_WARN__DUPLICATE_METHOD_MATCH = YES;
				COPY_PHASE_STRIP = NO;
				DEBUG_INFORMATION_FORMAT = "dwarf-with-dsym";
				ENABLE_NS_ASSERTIONS = NO;
				ENABLE_STRICT_OBJC_MSGSEND = YES;
				GCC_C_LANGUAGE_STANDARD = gnu11;
				GCC_NO_COMMON_BLOCKS = YES;
				GCC_WARN_64_TO_32_BIT_CONVERSION = YES;
				GCC_WARN_ABOUT_RETURN_TYPE = YES_ERROR;
				GCC_WARN_UNDECLARED_SELECTOR = YES;
				GCC_WARN_UNINITIALIZED_AUTOS = YES_AGGRESSIVE;
				GCC_WARN_UNUSED_FUNCTION = YES;
				GCC_WARN_UNUSED_VARIABLE = YES;
				IPHONEOS_DEPLOYMENT_TARGET = 13.2;
				MTL_ENABLE_DEBUG_INFO = NO;
				MTL_FAST_MATH = YES;
				SDKROOT = iphoneos;
				SWIFT_COMPILATION_MODE = wholemodule;
				SWIFT_OPTIMIZATION_LEVEL = "-O";
				VALIDATE_PRODUCT = YES;
			};
			name = Release;
		};
		C965216924363BDB009B14F7 /* Debug */ = {
			isa = XCBuildConfiguration;
			buildSettings = {
				ASSETCATALOG_COMPILER_APPICON_NAME = AppIcon;
				CODE_SIGN_STYLE = Automatic;
				INFOPLIST_FILE = elit/Info.plist;
				LD_RUNPATH_SEARCH_PATHS = (
					"$(inherited)",
					"@executable_path/Frameworks",
				);
				PRODUCT_BUNDLE_IDENTIFIER = "Abhaya-Tamrakar.elit";
				PRODUCT_NAME = "$(TARGET_NAME)";
				SWIFT_VERSION = 5.0;
				TARGETED_DEVICE_FAMILY = "1,2";
			};
			name = Debug;
		};
		C965216A24363BDB009B14F7 /* Release */ = {
			isa = XCBuildConfiguration;
			buildSettings = {
				ASSETCATALOG_COMPILER_APPICON_NAME = AppIcon;
				CODE_SIGN_STYLE = Automatic;
				INFOPLIST_FILE = elit/Info.plist;
				LD_RUNPATH_SEARCH_PATHS = (
					"$(inherited)",
					"@executable_path/Frameworks",
				);
				PRODUCT_BUNDLE_IDENTIFIER = "Abhaya-Tamrakar.elit";
				PRODUCT_NAME = "$(TARGET_NAME)";
				SWIFT_VERSION = 5.0;
				TARGETED_DEVICE_FAMILY = "1,2";
			};
			name = Release;
		};
/* End XCBuildConfiguration section */

/* Begin XCConfigurationList section */
		C965214D24363BD4009B14F7 /* Build configuration list for PBXProject "elit" */ = {
			isa = XCConfigurationList;
			buildConfigurations = (
				C965216624363BDB009B14F7 /* Debug */,
				C965216724363BDB009B14F7 /* Release */,
			);
			defaultConfigurationIsVisible = 0;
			defaultConfigurationName = Release;
		};
		C965216824363BDB009B14F7 /* Build configuration list for PBXNativeTarget "elit" */ = {
			isa = XCConfigurationList;
			buildConfigurations = (
				C965216924363BDB009B14F7 /* Debug */,
				C965216A24363BDB009B14F7 /* Release */,
			);
			defaultConfigurationIsVisible = 0;
			defaultConfigurationName = Release;
		};
/* End XCConfigurationList section */
	};
	rootObject = C965214A24363BD4009B14F7 /* Project object */;
}
